
Microsoft Visual Studio Solution File, Format Version 12.00
# Visual Studio Version 17
VisualStudioVersion = 17.14.36408.4
MinimumVisualStudioVersion = 10.0.40219.1
Project("{2150E333-8FDC-42A3-9474-1A3956D46DE8}") = "EjerciciosDeClase", "EjerciciosDeClase", "{7F83D35F-0237-4288-BF94-2E04AE72E93B}"
EndProject
Project("{FAE04EC0-301F-11D3-BF4B-00C04F79EFBC}") = "PracticaDeFunciones", "PracticaDeFunciones\PracticaDeFunciones.csproj", "{3A606052-AB9D-407D-A1EE-5F641177593E}"
EndProject
Project("{FAE04EC0-301F-11D3-BF4B-00C04F79EFBC}") = "RepasoFinal", "RepasoFinal\RepasoFinal.csproj", "{B3293799-1CF3-4EC4-A277-FE7D091C7D42}"
EndProject
Project("{2150E333-8FDC-42A3-9474-1A3956D46DE8}") = "PracticaAutodidacta", "PracticaAutodidacta", "{401A7063-B289-48BE-B5B1-F9A931C34690}"
EndProject
Project("{FAE04EC0-301F-11D3-BF4B-00C04F79EFBC}") = "CalcIMC", "WinForms1\CalcIMC.csproj", "{C1C56EA0-5069-4B3D-BDB4-E06164D88E4D}"
EndProject
Project("{FAE04EC0-301F-11D3-BF4B-00C04F79EFBC}") = "To-DoApp", "Practica001\To-DoApp.csproj", "{5A4E14A3-EB7C-4E6C-8CD2-C19472740B54}"
EndProject
Project("{2150E333-8FDC-42A3-9474-1A3956D46DE8}") = "TP01", "TP01", "{02EA681E-C7D8-13C7-8484-4AC65E1B71E8}"
EndProject
Project("{FAE04EC0-301F-11D3-BF4B-00C04F79EFBC}") = "EJ001", "EJ001\EJ001.csproj", "{C0210C18-09B8-4EA3-85A5-6F79C61CB3FD}"
EndProject
Project("{FAE04EC0-301F-11D3-BF4B-00C04F79EFBC}") = "Ej002", "Ej002\Ej002.csproj", "{2CA46FE1-C9AB-4EC5-8C45-063007C140A5}"
EndProject
Project("{FAE04EC0-301F-11D3-BF4B-00C04F79EFBC}") = "EJ003", "EJ003\EJ003.csproj", "{5A56E4EF-2F84-48B9-9B31-166827A450B7}"
EndProject
Project("{FAE04EC0-301F-11D3-BF4B-00C04F79EFBC}") = "EJ004", "EJ004\EJ004.csproj", "{AAE67BD3-EF9A-4952-AD88-752025FDD9E8}"
EndProject
Project("{FAE04EC0-301F-11D3-BF4B-00C04F79EFBC}") = "EJ005", "EJ005\EJ005.csproj", "{21D559B2-8C85-489B-A988-C687B0B5B297}"
EndProject
Project("{FAE04EC0-301F-11D3-BF4B-00C04F79EFBC}") = "EJ006", "EJ006\EJ006.csproj", "{5C495E4B-E701-4D5A-A2CA-F67EA4E77D58}"
EndProject
Project("{FAE04EC0-301F-11D3-BF4B-00C04F79EFBC}") = "EJ007", "EJ007\EJ007.csproj", "{C83CE5EA-5562-45AF-AAED-0603D3F4142A}"
EndProject
Project("{FAE04EC0-301F-11D3-BF4B-00C04F79EFBC}") = "EJ008", "EJ008\EJ008.csproj", "{04D54CD6-BFEB-452B-8CFF-CB5D5026780B}"
EndProject
Project("{FAE04EC0-301F-11D3-BF4B-00C04F79EFBC}") = "EJ009", "EJ009\EJ009.csproj", "{2ADDA18E-54FB-4779-BA22-E7D7E0E16D87}"
EndProject
Project("{FAE04EC0-301F-11D3-BF4B-00C04F79EFBC}") = "EJ010", "EJ010\EJ010.csproj", "{DBD470FD-D49D-456E-B265-5F8E0E8D234C}"
EndProject
Project("{FAE04EC0-301F-11D3-BF4B-00C04F79EFBC}") = "ComEntreFormas", "ComEntreFormas\ComEntreFormas.csproj", "{59E146D2-E71E-42BD-8496-29B2A76CD9BE}"
EndProject
Project("{FAE04EC0-301F-11D3-BF4B-00C04F79EFBC}") = "LoginRegister", "LoginRegister\LoginRegister.csproj", "{D1B3A89E-849B-4B0B-AC06-58C546559F09}"
EndProject
Project("{2150E333-8FDC-42A3-9474-1A3956D46DE8}") = "TP02", "TP02", "{12DB2B87-D161-4A0E-B615-720A8684CB9B}"
EndProject
Project("{FAE04EC0-301F-11D3-BF4B-00C04F79EFBC}") = "TP0201", "TP0201\TP0201.csproj", "{84321682-1BE6-42B8-9DD9-AB54B512ABA0}"
EndProject
Project("{FAE04EC0-301F-11D3-BF4B-00C04F79EFBC}") = "PruebaPOO", "PruebaPOO\PruebaPOO.csproj", "{80192714-EF25-40C8-B87F-4A518E7E008D}"
EndProject
Project("{2150E333-8FDC-42A3-9474-1A3956D46DE8}") = "TPS", "TPS", "{A20FF062-1F6D-428D-8476-761932CC9D9D}"
EndProject
Project("{FAE04EC0-301F-11D3-BF4B-00C04F79EFBC}") = "PruebaListasDinamicas", "PruebaListasDinamicas\PruebaListasDinamicas.csproj", "{8A944C85-71F2-4428-8697-2102C8314259}"
EndProject
Project("{FAE04EC0-301F-11D3-BF4B-00C04F79EFBC}") = "listasEnlazada", "listasEnlazada\listasEnlazada.csproj", "{BF458F73-21E5-43DD-9BBB-01C73FA556CA}"
EndProject
Project("{FAE04EC0-301F-11D3-BF4B-00C04F79EFBC}") = "LinkedListPractica", "LinkedListPractica\LinkedListPractica.csproj", "{F13ABAC2-9EA5-4C18-8396-02BAA257C323}"
EndProject
Project("{2150E333-8FDC-42A3-9474-1A3956D46DE8}") = "TP03", "TP03", "{4DC6054C-15A3-4377-BCF7-6ED3C52A6918}"
EndProject
Project("{FAE04EC0-301F-11D3-BF4B-00C04F79EFBC}") = "Pilas", "Pilas\Pilas.csproj", "{A329A697-F07E-45D6-85FF-ADE8E9968008}"
EndProject
Project("{FAE04EC0-301F-11D3-BF4B-00C04F79EFBC}") = "Colas", "Colas\Colas.csproj", "{A4F6119B-120E-402E-84CA-52CEAAB7D1EE}"
EndProject
Project("{2150E333-8FDC-42A3-9474-1A3956D46DE8}") = "TP04", "TP04", "{E34C6CD2-EAC0-4BF9-BF5A-0ED1961491FB}"
EndProject
Project("{FAE04EC0-301F-11D3-BF4B-00C04F79EFBC}") = "TrabajoIntegradorEstructurasDinamica", "TrabajoIntegradorEstructurasDinamica\TrabajoIntegradorEstructurasDinamica.csproj", "{FD6BD9B8-C624-4ADC-AF31-8EBDC9750364}"
EndProject
Project("{2150E333-8FDC-42A3-9474-1A3956D46DE8}") = "TP04-2", "TP04-2", "{8D64486D-E8E7-4536-A60E-D3D253DA03E0}"
EndProject
Project("{FAE04EC0-301F-11D3-BF4B-00C04F79EFBC}") = "TrabajoIntegradorEstructurasDinamica2", "TrabajoIntegradorEstructurasDinamica2\TrabajoIntegradorEstructurasDinamica2.csproj", "{92B5039A-BD38-49FC-99A1-767BD1FE6337}"
EndProject
Global
	GlobalSection(SolutionConfigurationPlatforms) = preSolution
		Debug|Any CPU = Debug|Any CPU
		Release|Any CPU = Release|Any CPU
	EndGlobalSection
	GlobalSection(ProjectConfigurationPlatforms) = postSolution
		{3A606052-AB9D-407D-A1EE-5F641177593E}.Debug|Any CPU.ActiveCfg = Debug|Any CPU
		{3A606052-AB9D-407D-A1EE-5F641177593E}.Debug|Any CPU.Build.0 = Debug|Any CPU
		{3A606052-AB9D-407D-A1EE-5F641177593E}.Release|Any CPU.ActiveCfg = Release|Any CPU
		{3A606052-AB9D-407D-A1EE-5F641177593E}.Release|Any CPU.Build.0 = Release|Any CPU
		{B3293799-1CF3-4EC4-A277-FE7D091C7D42}.Debug|Any CPU.ActiveCfg = Debug|Any CPU
		{B3293799-1CF3-4EC4-A277-FE7D091C7D42}.Debug|Any CPU.Build.0 = Debug|Any CPU
		{B3293799-1CF3-4EC4-A277-FE7D091C7D42}.Release|Any CPU.ActiveCfg = Release|Any CPU
		{B3293799-1CF3-4EC4-A277-FE7D091C7D42}.Release|Any CPU.Build.0 = Release|Any CPU
		{C1C56EA0-5069-4B3D-BDB4-E06164D88E4D}.Debug|Any CPU.ActiveCfg = Debug|Any CPU
		{C1C56EA0-5069-4B3D-BDB4-E06164D88E4D}.Debug|Any CPU.Build.0 = Debug|Any CPU
		{C1C56EA0-5069-4B3D-BDB4-E06164D88E4D}.Release|Any CPU.ActiveCfg = Release|Any CPU
		{C1C56EA0-5069-4B3D-BDB4-E06164D88E4D}.Release|Any CPU.Build.0 = Release|Any CPU
		{5A4E14A3-EB7C-4E6C-8CD2-C19472740B54}.Debug|Any CPU.ActiveCfg = Debug|Any CPU
		{5A4E14A3-EB7C-4E6C-8CD2-C19472740B54}.Debug|Any CPU.Build.0 = Debug|Any CPU
		{5A4E14A3-EB7C-4E6C-8CD2-C19472740B54}.Release|Any CPU.ActiveCfg = Release|Any CPU
		{5A4E14A3-EB7C-4E6C-8CD2-C19472740B54}.Release|Any CPU.Build.0 = Release|Any CPU
		{C0210C18-09B8-4EA3-85A5-6F79C61CB3FD}.Debug|Any CPU.ActiveCfg = Debug|Any CPU
		{C0210C18-09B8-4EA3-85A5-6F79C61CB3FD}.Debug|Any CPU.Build.0 = Debug|Any CPU
		{C0210C18-09B8-4EA3-85A5-6F79C61CB3FD}.Release|Any CPU.ActiveCfg = Release|Any CPU
		{C0210C18-09B8-4EA3-85A5-6F79C61CB3FD}.Release|Any CPU.Build.0 = Release|Any CPU
		{2CA46FE1-C9AB-4EC5-8C45-063007C140A5}.Debug|Any CPU.ActiveCfg = Debug|Any CPU
		{2CA46FE1-C9AB-4EC5-8C45-063007C140A5}.Debug|Any CPU.Build.0 = Debug|Any CPU
		{2CA46FE1-C9AB-4EC5-8C45-063007C140A5}.Release|Any CPU.ActiveCfg = Release|Any CPU
		{2CA46FE1-C9AB-4EC5-8C45-063007C140A5}.Release|Any CPU.Build.0 = Release|Any CPU
		{5A56E4EF-2F84-48B9-9B31-166827A450B7}.Debug|Any CPU.ActiveCfg = Debug|Any CPU
		{5A56E4EF-2F84-48B9-9B31-166827A450B7}.Debug|Any CPU.Build.0 = Debug|Any CPU
		{5A56E4EF-2F84-48B9-9B31-166827A450B7}.Release|Any CPU.ActiveCfg = Release|Any CPU
		{5A56E4EF-2F84-48B9-9B31-166827A450B7}.Release|Any CPU.Build.0 = Release|Any CPU
		{AAE67BD3-EF9A-4952-AD88-752025FDD9E8}.Debug|Any CPU.ActiveCfg = Debug|Any CPU
		{AAE67BD3-EF9A-4952-AD88-752025FDD9E8}.Debug|Any CPU.Build.0 = Debug|Any CPU
		{AAE67BD3-EF9A-4952-AD88-752025FDD9E8}.Release|Any CPU.ActiveCfg = Release|Any CPU
		{AAE67BD3-EF9A-4952-AD88-752025FDD9E8}.Release|Any CPU.Build.0 = Release|Any CPU
		{21D559B2-8C85-489B-A988-C687B0B5B297}.Debug|Any CPU.ActiveCfg = Debug|Any CPU
		{21D559B2-8C85-489B-A988-C687B0B5B297}.Debug|Any CPU.Build.0 = Debug|Any CPU
		{21D559B2-8C85-489B-A988-C687B0B5B297}.Release|Any CPU.ActiveCfg = Release|Any CPU
		{21D559B2-8C85-489B-A988-C687B0B5B297}.Release|Any CPU.Build.0 = Release|Any CPU
		{5C495E4B-E701-4D5A-A2CA-F67EA4E77D58}.Debug|Any CPU.ActiveCfg = Debug|Any CPU
		{5C495E4B-E701-4D5A-A2CA-F67EA4E77D58}.Debug|Any CPU.Build.0 = Debug|Any CPU
		{5C495E4B-E701-4D5A-A2CA-F67EA4E77D58}.Release|Any CPU.ActiveCfg = Release|Any CPU
		{5C495E4B-E701-4D5A-A2CA-F67EA4E77D58}.Release|Any CPU.Build.0 = Release|Any CPU
		{C83CE5EA-5562-45AF-AAED-0603D3F4142A}.Debug|Any CPU.ActiveCfg = Debug|Any CPU
		{C83CE5EA-5562-45AF-AAED-0603D3F4142A}.Debug|Any CPU.Build.0 = Debug|Any CPU
		{C83CE5EA-5562-45AF-AAED-0603D3F4142A}.Release|Any CPU.ActiveCfg = Release|Any CPU
		{C83CE5EA-5562-45AF-AAED-0603D3F4142A}.Release|Any CPU.Build.0 = Release|Any CPU
		{04D54CD6-BFEB-452B-8CFF-CB5D5026780B}.Debug|Any CPU.ActiveCfg = Debug|Any CPU
		{04D54CD6-BFEB-452B-8CFF-CB5D5026780B}.Debug|Any CPU.Build.0 = Debug|Any CPU
		{04D54CD6-BFEB-452B-8CFF-CB5D5026780B}.Release|Any CPU.ActiveCfg = Release|Any CPU
		{04D54CD6-BFEB-452B-8CFF-CB5D5026780B}.Release|Any CPU.Build.0 = Release|Any CPU
		{2ADDA18E-54FB-4779-BA22-E7D7E0E16D87}.Debug|Any CPU.ActiveCfg = Debug|Any CPU
		{2ADDA18E-54FB-4779-BA22-E7D7E0E16D87}.Debug|Any CPU.Build.0 = Debug|Any CPU
		{2ADDA18E-54FB-4779-BA22-E7D7E0E16D87}.Release|Any CPU.ActiveCfg = Release|Any CPU
		{2ADDA18E-54FB-4779-BA22-E7D7E0E16D87}.Release|Any CPU.Build.0 = Release|Any CPU
		{DBD470FD-D49D-456E-B265-5F8E0E8D234C}.Debug|Any CPU.ActiveCfg = Debug|Any CPU
		{DBD470FD-D49D-456E-B265-5F8E0E8D234C}.Debug|Any CPU.Build.0 = Debug|Any CPU
		{DBD470FD-D49D-456E-B265-5F8E0E8D234C}.Release|Any CPU.ActiveCfg = Release|Any CPU
		{DBD470FD-D49D-456E-B265-5F8E0E8D234C}.Release|Any CPU.Build.0 = Release|Any CPU
		{59E146D2-E71E-42BD-8496-29B2A76CD9BE}.Debug|Any CPU.ActiveCfg = Debug|Any CPU
		{59E146D2-E71E-42BD-8496-29B2A76CD9BE}.Debug|Any CPU.Build.0 = Debug|Any CPU
		{59E146D2-E71E-42BD-8496-29B2A76CD9BE}.Release|Any CPU.ActiveCfg = Release|Any CPU
		{59E146D2-E71E-42BD-8496-29B2A76CD9BE}.Release|Any CPU.Build.0 = Release|Any CPU
		{D1B3A89E-849B-4B0B-AC06-58C546559F09}.Debug|Any CPU.ActiveCfg = Debug|Any CPU
		{D1B3A89E-849B-4B0B-AC06-58C546559F09}.Debug|Any CPU.Build.0 = Debug|Any CPU
		{D1B3A89E-849B-4B0B-AC06-58C546559F09}.Release|Any CPU.ActiveCfg = Release|Any CPU
		{D1B3A89E-849B-4B0B-AC06-58C546559F09}.Release|Any CPU.Build.0 = Release|Any CPU
		{84321682-1BE6-42B8-9DD9-AB54B512ABA0}.Debug|Any CPU.ActiveCfg = Debug|Any CPU
		{84321682-1BE6-42B8-9DD9-AB54B512ABA0}.Debug|Any CPU.Build.0 = Debug|Any CPU
		{84321682-1BE6-42B8-9DD9-AB54B512ABA0}.Release|Any CPU.ActiveCfg = Release|Any CPU
		{84321682-1BE6-42B8-9DD9-AB54B512ABA0}.Release|Any CPU.Build.0 = Release|Any CPU
		{80192714-EF25-40C8-B87F-4A518E7E008D}.Debug|Any CPU.ActiveCfg = Debug|Any CPU
		{80192714-EF25-40C8-B87F-4A518E7E008D}.Debug|Any CPU.Build.0 = Debug|Any CPU
		{80192714-EF25-40C8-B87F-4A518E7E008D}.Release|Any CPU.ActiveCfg = Release|Any CPU
		{80192714-EF25-40C8-B87F-4A518E7E008D}.Release|Any CPU.Build.0 = Release|Any CPU
		{8A944C85-71F2-4428-8697-2102C8314259}.Debug|Any CPU.ActiveCfg = Debug|Any CPU
		{8A944C85-71F2-4428-8697-2102C8314259}.Debug|Any CPU.Build.0 = Debug|Any CPU
		{8A944C85-71F2-4428-8697-2102C8314259}.Release|Any CPU.ActiveCfg = Release|Any CPU
		{8A944C85-71F2-4428-8697-2102C8314259}.Release|Any CPU.Build.0 = Release|Any CPU
		{BF458F73-21E5-43DD-9BBB-01C73FA556CA}.Debug|Any CPU.ActiveCfg = Debug|Any CPU
		{BF458F73-21E5-43DD-9BBB-01C73FA556CA}.Debug|Any CPU.Build.0 = Debug|Any CPU
		{BF458F73-21E5-43DD-9BBB-01C73FA556CA}.Release|Any CPU.ActiveCfg = Release|Any CPU
		{BF458F73-21E5-43DD-9BBB-01C73FA556CA}.Release|Any CPU.Build.0 = Release|Any CPU
		{F13ABAC2-9EA5-4C18-8396-02BAA257C323}.Debug|Any CPU.ActiveCfg = Debug|Any CPU
		{F13ABAC2-9EA5-4C18-8396-02BAA257C323}.Debug|Any CPU.Build.0 = Debug|Any CPU
		{F13ABAC2-9EA5-4C18-8396-02BAA257C323}.Release|Any CPU.ActiveCfg = Release|Any CPU
		{F13ABAC2-9EA5-4C18-8396-02BAA257C323}.Release|Any CPU.Build.0 = Release|Any CPU
		{A329A697-F07E-45D6-85FF-ADE8E9968008}.Debug|Any CPU.ActiveCfg = Debug|Any CPU
		{A329A697-F07E-45D6-85FF-ADE8E9968008}.Debug|Any CPU.Build.0 = Debug|Any CPU
		{A329A697-F07E-45D6-85FF-ADE8E9968008}.Release|Any CPU.ActiveCfg = Release|Any CPU
		{A329A697-F07E-45D6-85FF-ADE8E9968008}.Release|Any CPU.Build.0 = Release|Any CPU
		{A4F6119B-120E-402E-84CA-52CEAAB7D1EE}.Debug|Any CPU.ActiveCfg = Debug|Any CPU
		{A4F6119B-120E-402E-84CA-52CEAAB7D1EE}.Debug|Any CPU.Build.0 = Debug|Any CPU
		{A4F6119B-120E-402E-84CA-52CEAAB7D1EE}.Release|Any CPU.ActiveCfg = Release|Any CPU
		{A4F6119B-120E-402E-84CA-52CEAAB7D1EE}.Release|Any CPU.Build.0 = Release|Any CPU
		{FD6BD9B8-C624-4ADC-AF31-8EBDC9750364}.Debug|Any CPU.ActiveCfg = Debug|Any CPU
		{FD6BD9B8-C624-4ADC-AF31-8EBDC9750364}.Debug|Any CPU.Build.0 = Debug|Any CPU
		{FD6BD9B8-C624-4ADC-AF31-8EBDC9750364}.Release|Any CPU.ActiveCfg = Release|Any CPU
		{FD6BD9B8-C624-4ADC-AF31-8EBDC9750364}.Release|Any CPU.Build.0 = Release|Any CPU
		{92B5039A-BD38-49FC-99A1-767BD1FE6337}.Debug|Any CPU.ActiveCfg = Debug|Any CPU
		{92B5039A-BD38-49FC-99A1-767BD1FE6337}.Debug|Any CPU.Build.0 = Debug|Any CPU
		{92B5039A-BD38-49FC-99A1-767BD1FE6337}.Release|Any CPU.ActiveCfg = Release|Any CPU
		{92B5039A-BD38-49FC-99A1-767BD1FE6337}.Release|Any CPU.Build.0 = Release|Any CPU
	EndGlobalSection
	GlobalSection(SolutionProperties) = preSolution
		HideSolutionNode = FALSE
	EndGlobalSection
	GlobalSection(NestedProjects) = preSolution
		{3A606052-AB9D-407D-A1EE-5F641177593E} = {7F83D35F-0237-4288-BF94-2E04AE72E93B}
		{B3293799-1CF3-4EC4-A277-FE7D091C7D42} = {7F83D35F-0237-4288-BF94-2E04AE72E93B}
		{C1C56EA0-5069-4B3D-BDB4-E06164D88E4D} = {7F83D35F-0237-4288-BF94-2E04AE72E93B}
		{5A4E14A3-EB7C-4E6C-8CD2-C19472740B54} = {7F83D35F-0237-4288-BF94-2E04AE72E93B}
		{02EA681E-C7D8-13C7-8484-4AC65E1B71E8} = {A20FF062-1F6D-428D-8476-761932CC9D9D}
		{C0210C18-09B8-4EA3-85A5-6F79C61CB3FD} = {02EA681E-C7D8-13C7-8484-4AC65E1B71E8}
		{2CA46FE1-C9AB-4EC5-8C45-063007C140A5} = {02EA681E-C7D8-13C7-8484-4AC65E1B71E8}
		{5A56E4EF-2F84-48B9-9B31-166827A450B7} = {02EA681E-C7D8-13C7-8484-4AC65E1B71E8}
		{AAE67BD3-EF9A-4952-AD88-752025FDD9E8} = {02EA681E-C7D8-13C7-8484-4AC65E1B71E8}
		{21D559B2-8C85-489B-A988-C687B0B5B297} = {02EA681E-C7D8-13C7-8484-4AC65E1B71E8}
		{5C495E4B-E701-4D5A-A2CA-F67EA4E77D58} = {02EA681E-C7D8-13C7-8484-4AC65E1B71E8}
		{C83CE5EA-5562-45AF-AAED-0603D3F4142A} = {02EA681E-C7D8-13C7-8484-4AC65E1B71E8}
		{04D54CD6-BFEB-452B-8CFF-CB5D5026780B} = {02EA681E-C7D8-13C7-8484-4AC65E1B71E8}
		{2ADDA18E-54FB-4779-BA22-E7D7E0E16D87} = {02EA681E-C7D8-13C7-8484-4AC65E1B71E8}
		{DBD470FD-D49D-456E-B265-5F8E0E8D234C} = {02EA681E-C7D8-13C7-8484-4AC65E1B71E8}
		{59E146D2-E71E-42BD-8496-29B2A76CD9BE} = {7F83D35F-0237-4288-BF94-2E04AE72E93B}
		{D1B3A89E-849B-4B0B-AC06-58C546559F09} = {7F83D35F-0237-4288-BF94-2E04AE72E93B}
		{12DB2B87-D161-4A0E-B615-720A8684CB9B} = {A20FF062-1F6D-428D-8476-761932CC9D9D}
		{84321682-1BE6-42B8-9DD9-AB54B512ABA0} = {12DB2B87-D161-4A0E-B615-720A8684CB9B}
		{80192714-EF25-40C8-B87F-4A518E7E008D} = {401A7063-B289-48BE-B5B1-F9A931C34690}
		{8A944C85-71F2-4428-8697-2102C8314259} = {7F83D35F-0237-4288-BF94-2E04AE72E93B}
		{BF458F73-21E5-43DD-9BBB-01C73FA556CA} = {7F83D35F-0237-4288-BF94-2E04AE72E93B}
		{F13ABAC2-9EA5-4C18-8396-02BAA257C323} = {401A7063-B289-48BE-B5B1-F9A931C34690}
		{4DC6054C-15A3-4377-BCF7-6ED3C52A6918} = {A20FF062-1F6D-428D-8476-761932CC9D9D}
		{A329A697-F07E-45D6-85FF-ADE8E9968008} = {4DC6054C-15A3-4377-BCF7-6ED3C52A6918}
		{A4F6119B-120E-402E-84CA-52CEAAB7D1EE} = {4DC6054C-15A3-4377-BCF7-6ED3C52A6918}
		{E34C6CD2-EAC0-4BF9-BF5A-0ED1961491FB} = {A20FF062-1F6D-428D-8476-761932CC9D9D}
		{FD6BD9B8-C624-4ADC-AF31-8EBDC9750364} = {E34C6CD2-EAC0-4BF9-BF5A-0ED1961491FB}
		{8D64486D-E8E7-4536-A60E-D3D253DA03E0} = {A20FF062-1F6D-428D-8476-761932CC9D9D}
		{92B5039A-BD38-49FC-99A1-767BD1FE6337} = {8D64486D-E8E7-4536-A60E-D3D253DA03E0}
	EndGlobalSection
	GlobalSection(ExtensibilityGlobals) = postSolution
		SolutionGuid = {322ACE76-8F64-4BB6-9A79-0E9EE53443EE}
	EndGlobalSection
EndGlobal
